
Microsoft Visual Studio Solution File, Format Version 12.00
# Visual Studio Version 17
VisualStudioVersion = 17.9.34723.18
MinimumVisualStudioVersion = 10.0.40219.1
Project("{FAE04EC0-301F-11D3-BF4B-00C04F79EFBC}") = "MyPet0", "MyPet0\MyPet0.csproj", "{95EDB355-0CB4-41D3-B61F-FB45B6969328}"
EndProject
Global
	GlobalSection(SolutionConfigurationPlatforms) = preSolution
		Debug|Any CPU = Debug|Any CPU
		Release|Any CPU = Release|Any CPU
	EndGlobalSection
	GlobalSection(ProjectConfigurationPlatforms) = postSolution
		{95EDB355-0CB4-41D3-B61F-FB45B6969328}.Debug|Any CPU.ActiveCfg = Debug|Any CPU
		{95EDB355-0CB4-41D3-B61F-FB45B6969328}.Debug|Any CPU.Build.0 = Debug|Any CPU
		{95EDB355-0CB4-41D3-B61F-FB45B6969328}.Release|Any CPU.ActiveCfg = Release|Any CPU
		{95EDB355-0CB4-41D3-B61F-FB45B6969328}.Release|Any CPU.Build.0 = Release|Any CPU
	EndGlobalSection
	GlobalSection(SolutionProperties) = preSolution
		HideSolutionNode = FALSE
	EndGlobalSection
	GlobalSection(ExtensibilityGlobals) = postSolution
		SolutionGuid = {22413FD6-90BB-4681-B187-F9606061D97F}
	EndGlobalSection
EndGlobal
